// !$*UTF8*$!
{
	archiveVersion = 1;
	classes = {
	};
	objectVersion = 50;
	objects = {

/* Begin PBXBuildFile section */
		F57F858025915A30003624E8 /* AppDelegate.swift in Sources */ = {isa = PBXBuildFile; fileRef = F57F857F25915A30003624E8 /* AppDelegate.swift */; };
		F57F858225915A30003624E8 /* SceneDelegate.swift in Sources */ = {isa = PBXBuildFile; fileRef = F57F858125915A30003624E8 /* SceneDelegate.swift */; };
		F57F858A25915A30003624E8 /* CourseBuddy.xcdatamodeld in Sources */ = {isa = PBXBuildFile; fileRef = F57F858825915A30003624E8 /* CourseBuddy.xcdatamodeld */; };
		F57F858C25915A31003624E8 /* Assets.xcassets in Resources */ = {isa = PBXBuildFile; fileRef = F57F858B25915A31003624E8 /* Assets.xcassets */; };
		F57F858F25915A31003624E8 /* LaunchScreen.storyboard in Resources */ = {isa = PBXBuildFile; fileRef = F57F858D25915A31003624E8 /* LaunchScreen.storyboard */; };
		F57F859B25915AF4003624E8 /* MainTabBarController.swift in Sources */ = {isa = PBXBuildFile; fileRef = F57F859A25915AF4003624E8 /* MainTabBarController.swift */; };
		F57F85A025915CC8003624E8 /* Constants.swift in Sources */ = {isa = PBXBuildFile; fileRef = F57F859F25915CC8003624E8 /* Constants.swift */; };
		F57F85A525915F8A003624E8 /* CoursesViewController.swift in Sources */ = {isa = PBXBuildFile; fileRef = F57F85A425915F8A003624E8 /* CoursesViewController.swift */; };
		F57F85AA25916035003624E8 /* Extension_LayoutAnchors.swift in Sources */ = {isa = PBXBuildFile; fileRef = F57F85A925916035003624E8 /* Extension_LayoutAnchors.swift */; };
		F57F85B3259164F1003624E8 /* CourseBank.swift in Sources */ = {isa = PBXBuildFile; fileRef = F57F85B2259164F1003624E8 /* CourseBank.swift */; };
		F57F85B625916922003624E8 /* AddCourseView.swift in Sources */ = {isa = PBXBuildFile; fileRef = F57F85B525916922003624E8 /* AddCourseView.swift */; };
		F57F85B925916992003624E8 /* AddCourseViewController.swift in Sources */ = {isa = PBXBuildFile; fileRef = F57F85B825916992003624E8 /* AddCourseViewController.swift */; };
		F5A2610725921047000B514B /* CourseConfigView.swift in Sources */ = {isa = PBXBuildFile; fileRef = F5A2610625921047000B514B /* CourseConfigView.swift */; };
		F5A2610B25921C2E000B514B /* CoreDataManager.swift in Sources */ = {isa = PBXBuildFile; fileRef = F5A2610A25921C2E000B514B /* CoreDataManager.swift */; };
		F5A2610F25922237000B514B /* CourseListCell.swift in Sources */ = {isa = PBXBuildFile; fileRef = F5A2610E25922237000B514B /* CourseListCell.swift */; };
		F5A26114259223B6000B514B /* Course+Ext.swift in Sources */ = {isa = PBXBuildFile; fileRef = F5A26113259223B6000B514B /* Course+Ext.swift */; };
		F5A2611725922BFF000B514B /* CourseModels.swift in Sources */ = {isa = PBXBuildFile; fileRef = F5A2611625922BFF000B514B /* CourseModels.swift */; };
		F5A2611B25923182000B514B /* CourseLevelCellView.swift in Sources */ = {isa = PBXBuildFile; fileRef = F5A2611A25923182000B514B /* CourseLevelCellView.swift */; };
		F5A2611F25923AC1000B514B /* CourseDetailsController.swift in Sources */ = {isa = PBXBuildFile; fileRef = F5A2611E25923AC1000B514B /* CourseDetailsController.swift */; };
		F5A2612325923AE1000B514B /* CourseDetailsView.swift in Sources */ = {isa = PBXBuildFile; fileRef = F5A2612225923AE1000B514B /* CourseDetailsView.swift */; };
		F5A26129259248FF000B514B /* CourseDetailsViewDetailsSection.swift in Sources */ = {isa = PBXBuildFile; fileRef = F5A26128259248FF000B514B /* CourseDetailsViewDetailsSection.swift */; };
		F5A2612C259249FF000B514B /* Assessment+Ext.swift in Sources */ = {isa = PBXBuildFile; fileRef = F5A2612B259249FF000B514B /* Assessment+Ext.swift */; };
		F5A2612F25924CB4000B514B /* AssessmentsView.swift in Sources */ = {isa = PBXBuildFile; fileRef = F5A2612E25924CB4000B514B /* AssessmentsView.swift */; };
		F5A2613225925148000B514B /* AssessmentRow.swift in Sources */ = {isa = PBXBuildFile; fileRef = F5A2613125925148000B514B /* AssessmentRow.swift */; };
		F5A2613725925F7B000B514B /* AddAssessmentView.swift in Sources */ = {isa = PBXBuildFile; fileRef = F5A2613625925F7B000B514B /* AddAssessmentView.swift */; };
		F5A2613E2592AC96000B514B /* AddTaskView.swift in Sources */ = {isa = PBXBuildFile; fileRef = F5A2613D2592AC96000B514B /* AddTaskView.swift */; };
		F5A261412592B0E7000B514B /* Task+Ext.swift in Sources */ = {isa = PBXBuildFile; fileRef = F5A261402592B0E7000B514B /* Task+Ext.swift */; };
		F5A261462592B723000B514B /* CourseTasksView.swift in Sources */ = {isa = PBXBuildFile; fileRef = F5A261452592B723000B514B /* CourseTasksView.swift */; };
/* End PBXBuildFile section */

/* Begin PBXFileReference section */
		F57F857C25915A30003624E8 /* CourseBuddy.app */ = {isa = PBXFileReference; explicitFileType = wrapper.application; includeInIndex = 0; path = CourseBuddy.app; sourceTree = BUILT_PRODUCTS_DIR; };
		F57F857F25915A30003624E8 /* AppDelegate.swift */ = {isa = PBXFileReference; lastKnownFileType = sourcecode.swift; path = AppDelegate.swift; sourceTree = "<group>"; };
		F57F858125915A30003624E8 /* SceneDelegate.swift */ = {isa = PBXFileReference; lastKnownFileType = sourcecode.swift; path = SceneDelegate.swift; sourceTree = "<group>"; };
		F57F858925915A30003624E8 /* CourseBuddy.xcdatamodel */ = {isa = PBXFileReference; lastKnownFileType = wrapper.xcdatamodel; path = CourseBuddy.xcdatamodel; sourceTree = "<group>"; };
		F57F858B25915A31003624E8 /* Assets.xcassets */ = {isa = PBXFileReference; lastKnownFileType = folder.assetcatalog; path = Assets.xcassets; sourceTree = "<group>"; };
		F57F858E25915A31003624E8 /* Base */ = {isa = PBXFileReference; lastKnownFileType = file.storyboard; name = Base; path = Base.lproj/LaunchScreen.storyboard; sourceTree = "<group>"; };
		F57F859025915A31003624E8 /* Info.plist */ = {isa = PBXFileReference; lastKnownFileType = text.plist.xml; path = Info.plist; sourceTree = "<group>"; };
		F57F859A25915AF4003624E8 /* MainTabBarController.swift */ = {isa = PBXFileReference; lastKnownFileType = sourcecode.swift; path = MainTabBarController.swift; sourceTree = "<group>"; };
		F57F859F25915CC8003624E8 /* Constants.swift */ = {isa = PBXFileReference; lastKnownFileType = sourcecode.swift; path = Constants.swift; sourceTree = "<group>"; };
		F57F85A425915F8A003624E8 /* CoursesViewController.swift */ = {isa = PBXFileReference; lastKnownFileType = sourcecode.swift; path = CoursesViewController.swift; sourceTree = "<group>"; };
		F57F85A925916035003624E8 /* Extension_LayoutAnchors.swift */ = {isa = PBXFileReference; fileEncoding = 4; lastKnownFileType = sourcecode.swift; path = Extension_LayoutAnchors.swift; sourceTree = "<group>"; };
		F57F85B2259164F1003624E8 /* CourseBank.swift */ = {isa = PBXFileReference; lastKnownFileType = sourcecode.swift; path = CourseBank.swift; sourceTree = "<group>"; };
		F57F85B525916922003624E8 /* AddCourseView.swift */ = {isa = PBXFileReference; lastKnownFileType = sourcecode.swift; path = AddCourseView.swift; sourceTree = "<group>"; };
		F57F85B825916992003624E8 /* AddCourseViewController.swift */ = {isa = PBXFileReference; lastKnownFileType = sourcecode.swift; path = AddCourseViewController.swift; sourceTree = "<group>"; };
		F5A2610625921047000B514B /* CourseConfigView.swift */ = {isa = PBXFileReference; lastKnownFileType = sourcecode.swift; path = CourseConfigView.swift; sourceTree = "<group>"; };
		F5A2610A25921C2E000B514B /* CoreDataManager.swift */ = {isa = PBXFileReference; lastKnownFileType = sourcecode.swift; path = CoreDataManager.swift; sourceTree = "<group>"; };
		F5A2610E25922237000B514B /* CourseListCell.swift */ = {isa = PBXFileReference; lastKnownFileType = sourcecode.swift; path = CourseListCell.swift; sourceTree = "<group>"; };
		F5A26113259223B6000B514B /* Course+Ext.swift */ = {isa = PBXFileReference; lastKnownFileType = sourcecode.swift; path = "Course+Ext.swift"; sourceTree = "<group>"; };
		F5A2611625922BFF000B514B /* CourseModels.swift */ = {isa = PBXFileReference; lastKnownFileType = sourcecode.swift; path = CourseModels.swift; sourceTree = "<group>"; };
		F5A2611A25923182000B514B /* CourseLevelCellView.swift */ = {isa = PBXFileReference; lastKnownFileType = sourcecode.swift; path = CourseLevelCellView.swift; sourceTree = "<group>"; };
		F5A2611E25923AC1000B514B /* CourseDetailsController.swift */ = {isa = PBXFileReference; lastKnownFileType = sourcecode.swift; path = CourseDetailsController.swift; sourceTree = "<group>"; };
		F5A2612225923AE1000B514B /* CourseDetailsView.swift */ = {isa = PBXFileReference; lastKnownFileType = sourcecode.swift; path = CourseDetailsView.swift; sourceTree = "<group>"; };
		F5A26128259248FF000B514B /* CourseDetailsViewDetailsSection.swift */ = {isa = PBXFileReference; lastKnownFileType = sourcecode.swift; path = CourseDetailsViewDetailsSection.swift; sourceTree = "<group>"; };
		F5A2612B259249FF000B514B /* Assessment+Ext.swift */ = {isa = PBXFileReference; lastKnownFileType = sourcecode.swift; path = "Assessment+Ext.swift"; sourceTree = "<group>"; };
		F5A2612E25924CB4000B514B /* AssessmentsView.swift */ = {isa = PBXFileReference; lastKnownFileType = sourcecode.swift; path = AssessmentsView.swift; sourceTree = "<group>"; };
		F5A2613125925148000B514B /* AssessmentRow.swift */ = {isa = PBXFileReference; lastKnownFileType = sourcecode.swift; path = AssessmentRow.swift; sourceTree = "<group>"; };
		F5A2613625925F7B000B514B /* AddAssessmentView.swift */ = {isa = PBXFileReference; lastKnownFileType = sourcecode.swift; path = AddAssessmentView.swift; sourceTree = "<group>"; };
		F5A2613D2592AC96000B514B /* AddTaskView.swift */ = {isa = PBXFileReference; lastKnownFileType = sourcecode.swift; path = AddTaskView.swift; sourceTree = "<group>"; };
		F5A261402592B0E7000B514B /* Task+Ext.swift */ = {isa = PBXFileReference; lastKnownFileType = sourcecode.swift; path = "Task+Ext.swift"; sourceTree = "<group>"; };
		F5A261452592B723000B514B /* CourseTasksView.swift */ = {isa = PBXFileReference; lastKnownFileType = sourcecode.swift; path = CourseTasksView.swift; sourceTree = "<group>"; };
/* End PBXFileReference section */

/* Begin PBXFrameworksBuildPhase section */
		F57F857925915A30003624E8 /* Frameworks */ = {
			isa = PBXFrameworksBuildPhase;
			buildActionMask = 2147483647;
			files = (
			);
			runOnlyForDeploymentPostprocessing = 0;
		};
/* End PBXFrameworksBuildPhase section */

/* Begin PBXGroup section */
		F57F857325915A30003624E8 = {
			isa = PBXGroup;
			children = (
				F57F857E25915A30003624E8 /* CourseBuddy */,
				F57F857D25915A30003624E8 /* Products */,
			);
			sourceTree = "<group>";
		};
		F57F857D25915A30003624E8 /* Products */ = {
			isa = PBXGroup;
			children = (
				F57F857C25915A30003624E8 /* CourseBuddy.app */,
			);
			name = Products;
			sourceTree = "<group>";
		};
		F57F857E25915A30003624E8 /* CourseBuddy */ = {
			isa = PBXGroup;
			children = (
				F57F857F25915A30003624E8 /* AppDelegate.swift */,
				F57F858125915A30003624E8 /* SceneDelegate.swift */,
				F57F859A25915AF4003624E8 /* MainTabBarController.swift */,
				F57F85A325915F77003624E8 /* Courses */,
				F5A2611D25923AAD000B514B /* CourseDetails */,
				F5A2611125922240000B514B /* AddCourses */,
				F5A2610925921C17000B514B /* Managers */,
				F57F85AC25916455003624E8 /* Models */,
				F57F859E25915CB6003624E8 /* Constants */,
				F57F85A825916024003624E8 /* Helpers */,
				F57F858B25915A31003624E8 /* Assets.xcassets */,
				F57F858D25915A31003624E8 /* LaunchScreen.storyboard */,
				F57F859025915A31003624E8 /* Info.plist */,
				F57F858825915A30003624E8 /* CourseBuddy.xcdatamodeld */,
			);
			path = CourseBuddy;
			sourceTree = "<group>";
		};
		F57F859E25915CB6003624E8 /* Constants */ = {
			isa = PBXGroup;
			children = (
				F57F859F25915CC8003624E8 /* Constants.swift */,
			);
			path = Constants;
			sourceTree = "<group>";
		};
		F57F85A325915F77003624E8 /* Courses */ = {
			isa = PBXGroup;
			children = (
				F57F85A425915F8A003624E8 /* CoursesViewController.swift */,
				F5A2610E25922237000B514B /* CourseListCell.swift */,
				F5A2611A25923182000B514B /* CourseLevelCellView.swift */,
			);
			path = Courses;
			sourceTree = "<group>";
		};
		F57F85A825916024003624E8 /* Helpers */ = {
			isa = PBXGroup;
			children = (
				F57F85A925916035003624E8 /* Extension_LayoutAnchors.swift */,
			);
			path = Helpers;
			sourceTree = "<group>";
		};
		F57F85AC25916455003624E8 /* Models */ = {
			isa = PBXGroup;
			children = (
				F5A261432592B1B3000B514B /* CoreData Models */,
				F57F85B2259164F1003624E8 /* CourseBank.swift */,
				F5A2611625922BFF000B514B /* CourseModels.swift */,
			);
			path = Models;
			sourceTree = "<group>";
		};
		F5A2610925921C17000B514B /* Managers */ = {
			isa = PBXGroup;
			children = (
				F5A2610A25921C2E000B514B /* CoreDataManager.swift */,
			);
			path = Managers;
			sourceTree = "<group>";
		};
		F5A2611125922240000B514B /* AddCourses */ = {
			isa = PBXGroup;
			children = (
				F5A2610625921047000B514B /* CourseConfigView.swift */,
				F57F85B525916922003624E8 /* AddCourseView.swift */,
				F57F85B825916992003624E8 /* AddCourseViewController.swift */,
			);
			path = AddCourses;
			sourceTree = "<group>";
		};
		F5A2611D25923AAD000B514B /* CourseDetails */ = {
			isa = PBXGroup;
			children = (
				F5A2613B2592ABB7000B514B /* Tasks */,
				F5A261392592A998000B514B /* Assessment */,
				F5A2611E25923AC1000B514B /* CourseDetailsController.swift */,
				F5A2612225923AE1000B514B /* CourseDetailsView.swift */,
				F5A26128259248FF000B514B /* CourseDetailsViewDetailsSection.swift */,
			);
			path = CourseDetails;
			sourceTree = "<group>";
		};
		F5A261392592A998000B514B /* Assessment */ = {
			isa = PBXGroup;
			children = (
				F5A2613125925148000B514B /* AssessmentRow.swift */,
				F5A2612E25924CB4000B514B /* AssessmentsView.swift */,
				F5A2613625925F7B000B514B /* AddAssessmentView.swift */,
			);
			path = Assessment;
			sourceTree = "<group>";
		};
		F5A2613B2592ABB7000B514B /* Tasks */ = {
			isa = PBXGroup;
			children = (
				F5A2613D2592AC96000B514B /* AddTaskView.swift */,
				F5A261452592B723000B514B /* CourseTasksView.swift */,
			);
			path = Tasks;
			sourceTree = "<group>";
		};
		F5A261432592B1B3000B514B /* CoreData Models */ = {
			isa = PBXGroup;
			children = (
				F5A261402592B0E7000B514B /* Task+Ext.swift */,
				F5A2612B259249FF000B514B /* Assessment+Ext.swift */,
				F5A26113259223B6000B514B /* Course+Ext.swift */,
			);
			path = "CoreData Models";
			sourceTree = "<group>";
		};
/* End PBXGroup section */

/* Begin PBXNativeTarget section */
		F57F857B25915A30003624E8 /* CourseBuddy */ = {
			isa = PBXNativeTarget;
			buildConfigurationList = F57F859325915A31003624E8 /* Build configuration list for PBXNativeTarget "CourseBuddy" */;
			buildPhases = (
				F57F857825915A30003624E8 /* Sources */,
				F57F857925915A30003624E8 /* Frameworks */,
				F57F857A25915A30003624E8 /* Resources */,
			);
			buildRules = (
			);
			dependencies = (
			);
			name = CourseBuddy;
			productName = CourseBuddy;
			productReference = F57F857C25915A30003624E8 /* CourseBuddy.app */;
			productType = "com.apple.product-type.application";
		};
/* End PBXNativeTarget section */

/* Begin PBXProject section */
		F57F857425915A30003624E8 /* Project object */ = {
			isa = PBXProject;
			attributes = {
				LastSwiftUpdateCheck = 1220;
				LastUpgradeCheck = 1220;
				TargetAttributes = {
					F57F857B25915A30003624E8 = {
						CreatedOnToolsVersion = 12.2;
					};
				};
			};
			buildConfigurationList = F57F857725915A30003624E8 /* Build configuration list for PBXProject "CourseBuddy" */;
			compatibilityVersion = "Xcode 9.3";
			developmentRegion = en;
			hasScannedForEncodings = 0;
			knownRegions = (
				en,
				Base,
			);
			mainGroup = F57F857325915A30003624E8;
			productRefGroup = F57F857D25915A30003624E8 /* Products */;
			projectDirPath = "";
			projectRoot = "";
			targets = (
				F57F857B25915A30003624E8 /* CourseBuddy */,
			);
		};
/* End PBXProject section */

/* Begin PBXResourcesBuildPhase section */
		F57F857A25915A30003624E8 /* Resources */ = {
			isa = PBXResourcesBuildPhase;
			buildActionMask = 2147483647;
			files = (
				F57F858F25915A31003624E8 /* LaunchScreen.storyboard in Resources */,
				F57F858C25915A31003624E8 /* Assets.xcassets in Resources */,
			);
			runOnlyForDeploymentPostprocessing = 0;
		};
/* End PBXResourcesBuildPhase section */

/* Begin PBXSourcesBuildPhase section */
		F57F857825915A30003624E8 /* Sources */ = {
			isa = PBXSourcesBuildPhase;
			buildActionMask = 2147483647;
			files = (
				F57F85B3259164F1003624E8 /* CourseBank.swift in Sources */,
				F5A2613225925148000B514B /* AssessmentRow.swift in Sources */,
				F5A26129259248FF000B514B /* CourseDetailsViewDetailsSection.swift in Sources */,
				F5A2613E2592AC96000B514B /* AddTaskView.swift in Sources */,
				F57F85A025915CC8003624E8 /* Constants.swift in Sources */,
				F5A2610725921047000B514B /* CourseConfigView.swift in Sources */,
				F5A2613725925F7B000B514B /* AddAssessmentView.swift in Sources */,
				F5A2611F25923AC1000B514B /* CourseDetailsController.swift in Sources */,
				F5A2612325923AE1000B514B /* CourseDetailsView.swift in Sources */,
				F5A2612C259249FF000B514B /* Assessment+Ext.swift in Sources */,
				F57F858A25915A30003624E8 /* CourseBuddy.xcdatamodeld in Sources */,
				F57F858025915A30003624E8 /* AppDelegate.swift in Sources */,
				F57F85AA25916035003624E8 /* Extension_LayoutAnchors.swift in Sources */,
				F5A26114259223B6000B514B /* Course+Ext.swift in Sources */,
				F5A2610B25921C2E000B514B /* CoreDataManager.swift in Sources */,
				F5A2611B25923182000B514B /* CourseLevelCellView.swift in Sources */,
				F57F859B25915AF4003624E8 /* MainTabBarController.swift in Sources */,
				F5A261412592B0E7000B514B /* Task+Ext.swift in Sources */,
				F5A2612F25924CB4000B514B /* AssessmentsView.swift in Sources */,
				F5A2610F25922237000B514B /* CourseListCell.swift in Sources */,
				F57F858225915A30003624E8 /* SceneDelegate.swift in Sources */,
				F57F85B925916992003624E8 /* AddCourseViewController.swift in Sources */,
				F5A261462592B723000B514B /* CourseTasksView.swift in Sources */,
				F57F85A525915F8A003624E8 /* CoursesViewController.swift in Sources */,
				F5A2611725922BFF000B514B /* CourseModels.swift in Sources */,
				F57F85B625916922003624E8 /* AddCourseView.swift in Sources */,
			);
			runOnlyForDeploymentPostprocessing = 0;
		};
/* End PBXSourcesBuildPhase section */

/* Begin PBXVariantGroup section */
		F57F858D25915A31003624E8 /* LaunchScreen.storyboard */ = {
			isa = PBXVariantGroup;
			children = (
				F57F858E25915A31003624E8 /* Base */,
			);
			name = LaunchScreen.storyboard;
			sourceTree = "<group>";
		};
/* End PBXVariantGroup section */

/* Begin XCBuildConfiguration section */
		F57F859125915A31003624E8 /* Debug */ = {
			isa = XCBuildConfiguration;
			buildSettings = {
				ALWAYS_SEARCH_USER_PATHS = NO;
				CLANG_ANALYZER_NONNULL = YES;
				CLANG_ANALYZER_NUMBER_OBJECT_CONVERSION = YES_AGGRESSIVE;
				CLANG_CXX_LANGUAGE_STANDARD = "gnu++14";
				CLANG_CXX_LIBRARY = "libc++";
				CLANG_ENABLE_MODULES = YES;
				CLANG_ENABLE_OBJC_ARC = YES;
				CLANG_ENABLE_OBJC_WEAK = YES;
				CLANG_WARN_BLOCK_CAPTURE_AUTORELEASING = YES;
				CLANG_WARN_BOOL_CONVERSION = YES;
				CLANG_WARN_COMMA = YES;
				CLANG_WARN_CONSTANT_CONVERSION = YES;
				CLANG_WARN_DEPRECATED_OBJC_IMPLEMENTATIONS = YES;
				CLANG_WARN_DIRECT_OBJC_ISA_USAGE = YES_ERROR;
				CLANG_WARN_DOCUMENTATION_COMMENTS = YES;
				CLANG_WARN_EMPTY_BODY = YES;
				CLANG_WARN_ENUM_CONVERSION = YES;
				CLANG_WARN_INFINITE_RECURSION = YES;
				CLANG_WARN_INT_CONVERSION = YES;
				CLANG_WARN_NON_LITERAL_NULL_CONVERSION = YES;
				CLANG_WARN_OBJC_IMPLICIT_RETAIN_SELF = YES;
				CLANG_WARN_OBJC_LITERAL_CONVERSION = YES;
				CLANG_WARN_OBJC_ROOT_CLASS = YES_ERROR;
				CLANG_WARN_QUOTED_INCLUDE_IN_FRAMEWORK_HEADER = YES;
				CLANG_WARN_RANGE_LOOP_ANALYSIS = YES;
				CLANG_WARN_STRICT_PROTOTYPES = YES;
				CLANG_WARN_SUSPICIOUS_MOVE = YES;
				CLANG_WARN_UNGUARDED_AVAILABILITY = YES_AGGRESSIVE;
				CLANG_WARN_UNREACHABLE_CODE = YES;
				CLANG_WARN__DUPLICATE_METHOD_MATCH = YES;
				COPY_PHASE_STRIP = NO;
				DEBUG_INFORMATION_FORMAT = dwarf;
				ENABLE_STRICT_OBJC_MSGSEND = YES;
				ENABLE_TESTABILITY = YES;
				GCC_C_LANGUAGE_STANDARD = gnu11;
				GCC_DYNAMIC_NO_PIC = NO;
				GCC_NO_COMMON_BLOCKS = YES;
				GCC_OPTIMIZATION_LEVEL = 0;
				GCC_PREPROCESSOR_DEFINITIONS = (
					"DEBUG=1",
					"$(inherited)",
				);
				GCC_WARN_64_TO_32_BIT_CONVERSION = YES;
				GCC_WARN_ABOUT_RETURN_TYPE = YES_ERROR;
				GCC_WARN_UNDECLARED_SELECTOR = YES;
				GCC_WARN_UNINITIALIZED_AUTOS = YES_AGGRESSIVE;
				GCC_WARN_UNUSED_FUNCTION = YES;
				GCC_WARN_UNUSED_VARIABLE = YES;
				IPHONEOS_DEPLOYMENT_TARGET = 14.2;
				MTL_ENABLE_DEBUG_INFO = INCLUDE_SOURCE;
				MTL_FAST_MATH = YES;
				ONLY_ACTIVE_ARCH = YES;
				SDKROOT = iphoneos;
				SWIFT_ACTIVE_COMPILATION_CONDITIONS = DEBUG;
				SWIFT_OPTIMIZATION_LEVEL = "-Onone";
			};
			name = Debug;
		};
		F57F859225915A31003624E8 /* Release */ = {
			isa = XCBuildConfiguration;
			buildSettings = {
				ALWAYS_SEARCH_USER_PATHS = NO;
				CLANG_ANALYZER_NONNULL = YES;
				CLANG_ANALYZER_NUMBER_OBJECT_CONVERSION = YES_AGGRESSIVE;
				CLANG_CXX_LANGUAGE_STANDARD = "gnu++14";
				CLANG_CXX_LIBRARY = "libc++";
				CLANG_ENABLE_MODULES = YES;
				CLANG_ENABLE_OBJC_ARC = YES;
				CLANG_ENABLE_OBJC_WEAK = YES;
				CLANG_WARN_BLOCK_CAPTURE_AUTORELEASING = YES;
				CLANG_WARN_BOOL_CONVERSION = YES;
				CLANG_WARN_COMMA = YES;
				CLANG_WARN_CONSTANT_CONVERSION = YES;
				CLANG_WARN_DEPRECATED_OBJC_IMPLEMENTATIONS = YES;
				CLANG_WARN_DIRECT_OBJC_ISA_USAGE = YES_ERROR;
				CLANG_WARN_DOCUMENTATION_COMMENTS = YES;
				CLANG_WARN_EMPTY_BODY = YES;
				CLANG_WARN_ENUM_CONVERSION = YES;
				CLANG_WARN_INFINITE_RECURSION = YES;
				CLANG_WARN_INT_CONVERSION = YES;
				CLANG_WARN_NON_LITERAL_NULL_CONVERSION = YES;
				CLANG_WARN_OBJC_IMPLICIT_RETAIN_SELF = YES;
				CLANG_WARN_OBJC_LITERAL_CONVERSION = YES;
				CLANG_WARN_OBJC_ROOT_CLASS = YES_ERROR;
				CLANG_WARN_QUOTED_INCLUDE_IN_FRAMEWORK_HEADER = YES;
				CLANG_WARN_RANGE_LOOP_ANALYSIS = YES;
				CLANG_WARN_STRICT_PROTOTYPES = YES;
				CLANG_WARN_SUSPICIOUS_MOVE = YES;
				CLANG_WARN_UNGUARDED_AVAILABILITY = YES_AGGRESSIVE;
				CLANG_WARN_UNREACHABLE_CODE = YES;
				CLANG_WARN__DUPLICATE_METHOD_MATCH = YES;
				COPY_PHASE_STRIP = NO;
				DEBUG_INFORMATION_FORMAT = "dwarf-with-dsym";
				ENABLE_NS_ASSERTIONS = NO;
				ENABLE_STRICT_OBJC_MSGSEND = YES;
				GCC_C_LANGUAGE_STANDARD = gnu11;
				GCC_NO_COMMON_BLOCKS = YES;
				GCC_WARN_64_TO_32_BIT_CONVERSION = YES;
				GCC_WARN_ABOUT_RETURN_TYPE = YES_ERROR;
				GCC_WARN_UNDECLARED_SELECTOR = YES;
				GCC_WARN_UNINITIALIZED_AUTOS = YES_AGGRESSIVE;
				GCC_WARN_UNUSED_FUNCTION = YES;
				GCC_WARN_UNUSED_VARIABLE = YES;
				IPHONEOS_DEPLOYMENT_TARGET = 14.2;
				MTL_ENABLE_DEBUG_INFO = NO;
				MTL_FAST_MATH = YES;
				SDKROOT = iphoneos;
				SWIFT_COMPILATION_MODE = wholemodule;
				SWIFT_OPTIMIZATION_LEVEL = "-O";
				VALIDATE_PRODUCT = YES;
			};
			name = Release;
		};
		F57F859425915A31003624E8 /* Debug */ = {
			isa = XCBuildConfiguration;
			buildSettings = {
				ASSETCATALOG_COMPILER_APPICON_NAME = AppIcon;
				ASSETCATALOG_COMPILER_GLOBAL_ACCENT_COLOR_NAME = AccentColor;
				CODE_SIGN_STYLE = Automatic;
				DEVELOPMENT_TEAM = HACZ6L5C84;
				INFOPLIST_FILE = CourseBuddy/Info.plist;
				LD_RUNPATH_SEARCH_PATHS = (
					"$(inherited)",
					"@executable_path/Frameworks",
				);
				PRODUCT_BUNDLE_IDENTIFIER = com.andreasdemenagas.CourseBuddy;
				PRODUCT_NAME = "$(TARGET_NAME)";
				SWIFT_VERSION = 5.0;
				TARGETED_DEVICE_FAMILY = "1,2";
			};
			name = Debug;
		};
		F57F859525915A31003624E8 /* Release */ = {
			isa = XCBuildConfiguration;
			buildSettings = {
				ASSETCATALOG_COMPILER_APPICON_NAME = AppIcon;
				ASSETCATALOG_COMPILER_GLOBAL_ACCENT_COLOR_NAME = AccentColor;
				CODE_SIGN_STYLE = Automatic;
				DEVELOPMENT_TEAM = HACZ6L5C84;
				INFOPLIST_FILE = CourseBuddy/Info.plist;
				LD_RUNPATH_SEARCH_PATHS = (
					"$(inherited)",
					"@executable_path/Frameworks",
				);
				PRODUCT_BUNDLE_IDENTIFIER = com.andreasdemenagas.CourseBuddy;
				PRODUCT_NAME = "$(TARGET_NAME)";
				SWIFT_VERSION = 5.0;
				TARGETED_DEVICE_FAMILY = "1,2";
			};
			name = Release;
		};
/* End XCBuildConfiguration section */

/* Begin XCConfigurationList section */
		F57F857725915A30003624E8 /* Build configuration list for PBXProject "CourseBuddy" */ = {
			isa = XCConfigurationList;
			buildConfigurations = (
				F57F859125915A31003624E8 /* Debug */,
				F57F859225915A31003624E8 /* Release */,
			);
			defaultConfigurationIsVisible = 0;
			defaultConfigurationName = Release;
		};
		F57F859325915A31003624E8 /* Build configuration list for PBXNativeTarget "CourseBuddy" */ = {
			isa = XCConfigurationList;
			buildConfigurations = (
				F57F859425915A31003624E8 /* Debug */,
				F57F859525915A31003624E8 /* Release */,
			);
			defaultConfigurationIsVisible = 0;
			defaultConfigurationName = Release;
		};
/* End XCConfigurationList section */

/* Begin XCVersionGroup section */
		F57F858825915A30003624E8 /* CourseBuddy.xcdatamodeld */ = {
			isa = XCVersionGroup;
			children = (
				F57F858925915A30003624E8 /* CourseBuddy.xcdatamodel */,
			);
			currentVersion = F57F858925915A30003624E8 /* CourseBuddy.xcdatamodel */;
			path = CourseBuddy.xcdatamodeld;
			sourceTree = "<group>";
			versionGroupType = wrapper.xcdatamodel;
		};
/* End XCVersionGroup section */
	};
	rootObject = F57F857425915A30003624E8 /* Project object */;
}
